
Microsoft Visual Studio Solution File, Format Version 11.00
# Visual Studio 2010
Project("{FAE04EC0-301F-11D3-BF4B-00C04F79EFBC}") = "Assembly-CSharp", "Assembly-CSharp.csproj", "{8f89b014-5883-5e48-36d1-a8c779f10c8b}"
EndProject
Project("{FAE04EC0-301F-11D3-BF4B-00C04F79EFBC}") = "Assembly-CSharp-firstpass", "Assembly-CSharp-firstpass.csproj", "{8f85e5b8-a6f4-9f64-62b8-9e828e3c644a}"
EndProject
Project("{FAE04EC0-301F-11D3-BF4B-00C04F79EFBC}") = "Assembly-CSharp-Editor", "Assembly-CSharp-Editor.csproj", "{99813bfd-c6a1-0d6c-1a72-3e716f4f803b}"
EndProject
Project("{FAE04EC0-301F-11D3-BF4B-00C04F79EFBC}") = "Assembly-CSharp-Editor-firstpass", "Assembly-CSharp-Editor-firstpass.csproj", "{fedce3da-400a-3f10-551c-ea6ee9e7f363}"
EndProject
Global
	GlobalSection(SolutionConfigurationPlatforms) = preSolution
		Debug|Any CPU = Debug|Any CPU
	EndGlobalSection
	GlobalSection(ProjectConfigurationPlatforms) = postSolution
		{8f89b014-5883-5e48-36d1-a8c779f10c8b}.Debug|Any CPU.ActiveCfg = Debug|Any CPU
		{8f89b014-5883-5e48-36d1-a8c779f10c8b}.Debug|Any CPU.Build.0 = Debug|Any CPU
		{8f85e5b8-a6f4-9f64-62b8-9e828e3c644a}.Debug|Any CPU.ActiveCfg = Debug|Any CPU
		{8f85e5b8-a6f4-9f64-62b8-9e828e3c644a}.Debug|Any CPU.Build.0 = Debug|Any CPU
		{99813bfd-c6a1-0d6c-1a72-3e716f4f803b}.Debug|Any CPU.ActiveCfg = Debug|Any CPU
		{99813bfd-c6a1-0d6c-1a72-3e716f4f803b}.Debug|Any CPU.Build.0 = Debug|Any CPU
		{fedce3da-400a-3f10-551c-ea6ee9e7f363}.Debug|Any CPU.ActiveCfg = Debug|Any CPU
		{fedce3da-400a-3f10-551c-ea6ee9e7f363}.Debug|Any CPU.Build.0 = Debug|Any CPU
	EndGlobalSection
	GlobalSection(SolutionProperties) = preSolution
		HideSolutionNode = FALSE
	EndGlobalSection
EndGlobal
